{
  "name": "iphonecameraextractor",
  "version": "1.0.0",
  "lockfileVersion": 1,
  "requires": true,
  "dependencies": {
    "mdls": {
      "version": "git+https://github.com/avimak/node-mdls.git#d47a9175a4e2d60e081349968d620108309a2464",
      "from": "git+https://github.com/avimak/node-mdls.git"
    }
  }
}
